// !$*UTF8*$!
{
	archiveVersion = 1;
	classes = {
	};
	objectVersion = 46;
	objects = {

/* Begin PBXBuildFile section */
		2D40A389FE41AD18C941333C /* Pods_CocoaSwiftPlayer.framework in Frameworks */ = {isa = PBXBuildFile; fileRef = A019104BDEFACC093DBB5F65 /* Pods_CocoaSwiftPlayer.framework */; };
		D1573EF31C6A1F2200773B8E /* MutableCollectionType+Extensions.swift in Sources */ = {isa = PBXBuildFile; fileRef = D1573EF21C6A1F2200773B8E /* MutableCollectionType+Extensions.swift */; };
		D1573EF51C6A1FDA00773B8E /* CollectionType+Extensions.swift in Sources */ = {isa = PBXBuildFile; fileRef = D1573EF41C6A1FDA00773B8E /* CollectionType+Extensions.swift */; };
		D1573EF91C6B7ABD00773B8E /* Constants.swift in Sources */ = {isa = PBXBuildFile; fileRef = D1573EF81C6B7ABD00773B8E /* Constants.swift */; };
		D1573EFC1C6DFA3500773B8E /* PlaylistViewController.swift in Sources */ = {isa = PBXBuildFile; fileRef = D1573EFB1C6DFA3500773B8E /* PlaylistViewController.swift */; };
		D1573F031C6F71FF00773B8E /* Playlist.swift in Sources */ = {isa = PBXBuildFile; fileRef = D1573F021C6F71FF00773B8E /* Playlist.swift */; };
		D19D07C41C5FAFB700FEBBC2 /* Song.storyboard in Resources */ = {isa = PBXBuildFile; fileRef = D19D07C21C5FAFB600FEBBC2 /* Song.storyboard */; };
		D1AD364A1C624A3D003881F9 /* PlayerViewController.swift in Sources */ = {isa = PBXBuildFile; fileRef = D1AD36491C624A3D003881F9 /* PlayerViewController.swift */; };
		D1AD364C1C624C6E003881F9 /* PlayerManager.swift in Sources */ = {isa = PBXBuildFile; fileRef = D1AD364B1C624C6E003881F9 /* PlayerManager.swift */; };
		D1E5BAB71C5D004C00C7F35E /* AppDelegate.swift in Sources */ = {isa = PBXBuildFile; fileRef = D1E5BAB61C5D004C00C7F35E /* AppDelegate.swift */; };
		D1E5BAB91C5D004C00C7F35E /* ViewController.swift in Sources */ = {isa = PBXBuildFile; fileRef = D1E5BAB81C5D004C00C7F35E /* ViewController.swift */; };
		D1E5BABB1C5D004C00C7F35E /* Assets.xcassets in Resources */ = {isa = PBXBuildFile; fileRef = D1E5BABA1C5D004C00C7F35E /* Assets.xcassets */; };
		D1E5BABE1C5D004C00C7F35E /* Main.storyboard in Resources */ = {isa = PBXBuildFile; fileRef = D1E5BABC1C5D004C00C7F35E /* Main.storyboard */; };
		D1E5BAC91C5D004C00C7F35E /* CocoaSwiftPlayerTests.swift in Sources */ = {isa = PBXBuildFile; fileRef = D1E5BAC81C5D004C00C7F35E /* CocoaSwiftPlayerTests.swift */; };
		D1E5BAD41C5D004C00C7F35E /* CocoaSwiftPlayerUITests.swift in Sources */ = {isa = PBXBuildFile; fileRef = D1E5BAD31C5D004C00C7F35E /* CocoaSwiftPlayerUITests.swift */; };
		D1E5BAE71C5E473F00C7F35E /* Song.swift in Sources */ = {isa = PBXBuildFile; fileRef = D1E5BAE61C5E473F00C7F35E /* Song.swift */; };
		D1F782FD1C721A4B00E7C80A /* CustomTableCellView.swift in Sources */ = {isa = PBXBuildFile; fileRef = D1F782FC1C721A4B00E7C80A /* CustomTableCellView.swift */; };
		D1F783091C74B23000E7C80A /* EventMonitor.swift in Sources */ = {isa = PBXBuildFile; fileRef = D1F783081C74B23000E7C80A /* EventMonitor.swift */; };
		D1F7830C1C74B4BC00E7C80A /* StatusItemViewController.swift in Sources */ = {isa = PBXBuildFile; fileRef = D1F7830B1C74B4BC00E7C80A /* StatusItemViewController.swift */; };
		D1FF0A441C638A03001BC61F /* SongManager.swift in Sources */ = {isa = PBXBuildFile; fileRef = D1FF0A431C638A03001BC61F /* SongManager.swift */; };
		D1FF0A491C639081001BC61F /* iTunesLibrary.framework in Frameworks */ = {isa = PBXBuildFile; fileRef = D1FF0A481C639081001BC61F /* iTunesLibrary.framework */; };
		D1FF0A541C64DC6F001BC61F /* SongListViewController.swift in Sources */ = {isa = PBXBuildFile; fileRef = D1FF0A531C64DC6F001BC61F /* SongListViewController.swift */; };
		D1FF0A561C64E0FD001BC61F /* RealmMigrationManager.swift in Sources */ = {isa = PBXBuildFile; fileRef = D1FF0A551C64E0FD001BC61F /* RealmMigrationManager.swift */; };
/* End PBXBuildFile section */

/* Begin PBXContainerItemProxy section */
		D1E5BAC51C5D004C00C7F35E /* PBXContainerItemProxy */ = {
			isa = PBXContainerItemProxy;
			containerPortal = D1E5BAAB1C5D004B00C7F35E /* Project object */;
			proxyType = 1;
			remoteGlobalIDString = D1E5BAB21C5D004C00C7F35E;
			remoteInfo = CocoaSwiftPlayer;
		};
		D1E5BAD01C5D004C00C7F35E /* PBXContainerItemProxy */ = {
			isa = PBXContainerItemProxy;
			containerPortal = D1E5BAAB1C5D004B00C7F35E /* Project object */;
			proxyType = 1;
			remoteGlobalIDString = D1E5BAB21C5D004C00C7F35E;
			remoteInfo = CocoaSwiftPlayer;
		};
/* End PBXContainerItemProxy section */

/* Begin PBXFileReference section */
		5DF224AE1278AFB8E2C02CBE /* Pods-CocoaSwiftPlayer.debug.xcconfig */ = {isa = PBXFileReference; includeInIndex = 1; lastKnownFileType = text.xcconfig; name = "Pods-CocoaSwiftPlayer.debug.xcconfig"; path = "Pods/Target Support Files/Pods-CocoaSwiftPlayer/Pods-CocoaSwiftPlayer.debug.xcconfig"; sourceTree = "<group>"; };
		8752F31DED0A63E6E4DBE1FF /* Pods-CocoaSwiftPlayer.release.xcconfig */ = {isa = PBXFileReference; includeInIndex = 1; lastKnownFileType = text.xcconfig; name = "Pods-CocoaSwiftPlayer.release.xcconfig"; path = "Pods/Target Support Files/Pods-CocoaSwiftPlayer/Pods-CocoaSwiftPlayer.release.xcconfig"; sourceTree = "<group>"; };
		A019104BDEFACC093DBB5F65 /* Pods_CocoaSwiftPlayer.framework */ = {isa = PBXFileReference; explicitFileType = wrapper.framework; includeInIndex = 0; path = Pods_CocoaSwiftPlayer.framework; sourceTree = BUILT_PRODUCTS_DIR; };
		D1573EF21C6A1F2200773B8E /* MutableCollectionType+Extensions.swift */ = {isa = PBXFileReference; fileEncoding = 4; lastKnownFileType = sourcecode.swift; name = "MutableCollectionType+Extensions.swift"; path = "Extensions/MutableCollectionType+Extensions.swift"; sourceTree = "<group>"; };
		D1573EF41C6A1FDA00773B8E /* CollectionType+Extensions.swift */ = {isa = PBXFileReference; fileEncoding = 4; lastKnownFileType = sourcecode.swift; name = "CollectionType+Extensions.swift"; path = "Extensions/CollectionType+Extensions.swift"; sourceTree = "<group>"; };
		D1573EF81C6B7ABD00773B8E /* Constants.swift */ = {isa = PBXFileReference; fileEncoding = 4; lastKnownFileType = sourcecode.swift; name = Constants.swift; path = Helpers/Constants.swift; sourceTree = "<group>"; };
		D1573EFB1C6DFA3500773B8E /* PlaylistViewController.swift */ = {isa = PBXFileReference; fileEncoding = 4; lastKnownFileType = sourcecode.swift; name = PlaylistViewController.swift; path = ViewControllers/PlaylistViewController/PlaylistViewController.swift; sourceTree = "<group>"; };
		D1573F021C6F71FF00773B8E /* Playlist.swift */ = {isa = PBXFileReference; fileEncoding = 4; lastKnownFileType = sourcecode.swift; name = Playlist.swift; path = Models/Playlist.swift; sourceTree = "<group>"; };
		D19D07C31C5FAFB600FEBBC2 /* Base */ = {isa = PBXFileReference; lastKnownFileType = file.storyboard; name = Base; path = Base.lproj/Song.storyboard; sourceTree = "<group>"; };
		D1AD36491C624A3D003881F9 /* PlayerViewController.swift */ = {isa = PBXFileReference; fileEncoding = 4; lastKnownFileType = sourcecode.swift; name = PlayerViewController.swift; path = ViewControllers/PlayerViewController/PlayerViewController.swift; sourceTree = "<group>"; };
		D1AD364B1C624C6E003881F9 /* PlayerManager.swift */ = {isa = PBXFileReference; fileEncoding = 4; lastKnownFileType = sourcecode.swift; name = PlayerManager.swift; path = Managers/PlayerManager.swift; sourceTree = "<group>"; };
		D1E5BAB31C5D004C00C7F35E /* CocoaSwiftPlayer.app */ = {isa = PBXFileReference; explicitFileType = wrapper.application; includeInIndex = 0; path = CocoaSwiftPlayer.app; sourceTree = BUILT_PRODUCTS_DIR; };
		D1E5BAB61C5D004C00C7F35E /* AppDelegate.swift */ = {isa = PBXFileReference; lastKnownFileType = sourcecode.swift; path = AppDelegate.swift; sourceTree = "<group>"; };
		D1E5BAB81C5D004C00C7F35E /* ViewController.swift */ = {isa = PBXFileReference; lastKnownFileType = sourcecode.swift; path = ViewController.swift; sourceTree = "<group>"; };
		D1E5BABA1C5D004C00C7F35E /* Assets.xcassets */ = {isa = PBXFileReference; lastKnownFileType = folder.assetcatalog; path = Assets.xcassets; sourceTree = "<group>"; };
		D1E5BABD1C5D004C00C7F35E /* Base */ = {isa = PBXFileReference; lastKnownFileType = file.storyboard; name = Base; path = Base.lproj/Main.storyboard; sourceTree = "<group>"; };
		D1E5BABF1C5D004C00C7F35E /* Info.plist */ = {isa = PBXFileReference; lastKnownFileType = text.plist.xml; path = Info.plist; sourceTree = "<group>"; };
		D1E5BAC41C5D004C00C7F35E /* CocoaSwiftPlayerTests.xctest */ = {isa = PBXFileReference; explicitFileType = wrapper.cfbundle; includeInIndex = 0; path = CocoaSwiftPlayerTests.xctest; sourceTree = BUILT_PRODUCTS_DIR; };
		D1E5BAC81C5D004C00C7F35E /* CocoaSwiftPlayerTests.swift */ = {isa = PBXFileReference; lastKnownFileType = sourcecode.swift; path = CocoaSwiftPlayerTests.swift; sourceTree = "<group>"; };
		D1E5BACA1C5D004C00C7F35E /* Info.plist */ = {isa = PBXFileReference; lastKnownFileType = text.plist.xml; path = Info.plist; sourceTree = "<group>"; };
		D1E5BACF1C5D004C00C7F35E /* CocoaSwiftPlayerUITests.xctest */ = {isa = PBXFileReference; explicitFileType = wrapper.cfbundle; includeInIndex = 0; path = CocoaSwiftPlayerUITests.xctest; sourceTree = BUILT_PRODUCTS_DIR; };
		D1E5BAD31C5D004C00C7F35E /* CocoaSwiftPlayerUITests.swift */ = {isa = PBXFileReference; lastKnownFileType = sourcecode.swift; path = CocoaSwiftPlayerUITests.swift; sourceTree = "<group>"; };
		D1E5BAD51C5D004C00C7F35E /* Info.plist */ = {isa = PBXFileReference; lastKnownFileType = text.plist.xml; path = Info.plist; sourceTree = "<group>"; };
		D1E5BAE61C5E473F00C7F35E /* Song.swift */ = {isa = PBXFileReference; fileEncoding = 4; lastKnownFileType = sourcecode.swift; name = Song.swift; path = Models/Song.swift; sourceTree = "<group>"; };
		D1F782FC1C721A4B00E7C80A /* CustomTableCellView.swift */ = {isa = PBXFileReference; fileEncoding = 4; lastKnownFileType = sourcecode.swift; name = CustomTableCellView.swift; path = ViewControllers/PlaylistViewController/CustomTableCellView.swift; sourceTree = "<group>"; };
		D1F783081C74B23000E7C80A /* EventMonitor.swift */ = {isa = PBXFileReference; fileEncoding = 4; lastKnownFileType = sourcecode.swift; name = EventMonitor.swift; path = Helpers/EventMonitor.swift; sourceTree = "<group>"; };
		D1F7830B1C74B4BC00E7C80A /* StatusItemViewController.swift */ = {isa = PBXFileReference; fileEncoding = 4; lastKnownFileType = sourcecode.swift; name = StatusItemViewController.swift; path = ViewControllers/StatusItemViewController/StatusItemViewController.swift; sourceTree = "<group>"; };
		D1FF0A431C638A03001BC61F /* SongManager.swift */ = {isa = PBXFileReference; fileEncoding = 4; lastKnownFileType = sourcecode.swift; name = SongManager.swift; path = Managers/SongManager.swift; sourceTree = "<group>"; };
		D1FF0A481C639081001BC61F /* iTunesLibrary.framework */ = {isa = PBXFileReference; lastKnownFileType = wrapper.framework; name = iTunesLibrary.framework; path = ../../../../../../Library/Frameworks/iTunesLibrary.framework; sourceTree = "<group>"; };
		D1FF0A531C64DC6F001BC61F /* SongListViewController.swift */ = {isa = PBXFileReference; fileEncoding = 4; lastKnownFileType = sourcecode.swift; name = SongListViewController.swift; path = ViewControllers/SongListViewController/SongListViewController.swift; sourceTree = "<group>"; };
		D1FF0A551C64E0FD001BC61F /* RealmMigrationManager.swift */ = {isa = PBXFileReference; fileEncoding = 4; lastKnownFileType = sourcecode.swift; name = RealmMigrationManager.swift; path = Managers/RealmMigrationManager.swift; sourceTree = "<group>"; };
/* End PBXFileReference section */

/* Begin PBXFrameworksBuildPhase section */
		D1E5BAB01C5D004C00C7F35E /* Frameworks */ = {
			isa = PBXFrameworksBuildPhase;
			buildActionMask = 2147483647;
			files = (
				D1FF0A491C639081001BC61F /* iTunesLibrary.framework in Frameworks */,
				2D40A389FE41AD18C941333C /* Pods_CocoaSwiftPlayer.framework in Frameworks */,
			);
			runOnlyForDeploymentPostprocessing = 0;
		};
		D1E5BAC11C5D004C00C7F35E /* Frameworks */ = {
			isa = PBXFrameworksBuildPhase;
			buildActionMask = 2147483647;
			files = (
			);
			runOnlyForDeploymentPostprocessing = 0;
		};
		D1E5BACC1C5D004C00C7F35E /* Frameworks */ = {
			isa = PBXFrameworksBuildPhase;
			buildActionMask = 2147483647;
			files = (
			);
			runOnlyForDeploymentPostprocessing = 0;
		};
/* End PBXFrameworksBuildPhase section */

/* Begin PBXGroup section */
		672A5EB187C49AE9FE7B38E2 /* Frameworks */ = {
			isa = PBXGroup;
			children = (
				D1FF0A481C639081001BC61F /* iTunesLibrary.framework */,
				A019104BDEFACC093DBB5F65 /* Pods_CocoaSwiftPlayer.framework */,
			);
			name = Frameworks;
			sourceTree = "<group>";
		};
		D1573EF11C6A1F0500773B8E /* Extensions */ = {
			isa = PBXGroup;
			children = (
				D1573EF41C6A1FDA00773B8E /* CollectionType+Extensions.swift */,
				D1573EF21C6A1F2200773B8E /* MutableCollectionType+Extensions.swift */,
			);
			name = Extensions;
			sourceTree = "<group>";
		};
		D1573EFA1C6DFA1800773B8E /* PlaylistViewController */ = {
			isa = PBXGroup;
			children = (
				D1573EFB1C6DFA3500773B8E /* PlaylistViewController.swift */,
				D1F782FC1C721A4B00E7C80A /* CustomTableCellView.swift */,
			);
			name = PlaylistViewController;
			sourceTree = "<group>";
		};
		D1AD36481C624A0F003881F9 /* PlayerViewController */ = {
			isa = PBXGroup;
			children = (
				D1AD36491C624A3D003881F9 /* PlayerViewController.swift */,
			);
			name = PlayerViewController;
			sourceTree = "<group>";
		};
		D1E5BAAA1C5D004B00C7F35E = {
			isa = PBXGroup;
			children = (
				D1E5BAB51C5D004C00C7F35E /* CocoaSwiftPlayer */,
				D1E5BAC71C5D004C00C7F35E /* CocoaSwiftPlayerTests */,
				D1E5BAD21C5D004C00C7F35E /* CocoaSwiftPlayerUITests */,
				D1E5BAB41C5D004C00C7F35E /* Products */,
				FA2ADFC6F520DCCF255A8DBB /* Pods */,
				672A5EB187C49AE9FE7B38E2 /* Frameworks */,
			);
			sourceTree = "<group>";
		};
		D1E5BAB41C5D004C00C7F35E /* Products */ = {
			isa = PBXGroup;
			children = (
				D1E5BAB31C5D004C00C7F35E /* CocoaSwiftPlayer.app */,
				D1E5BAC41C5D004C00C7F35E /* CocoaSwiftPlayerTests.xctest */,
				D1E5BACF1C5D004C00C7F35E /* CocoaSwiftPlayerUITests.xctest */,
			);
			name = Products;
			sourceTree = "<group>";
		};
		D1E5BAB51C5D004C00C7F35E /* CocoaSwiftPlayer */ = {
			isa = PBXGroup;
			children = (
				D1573EF11C6A1F0500773B8E /* Extensions */,
				D1E5BAE41C5E46E700C7F35E /* Helpers */,
				D1E5BAE51C5E46EB00C7F35E /* Managers */,
				D1E5BAE11C5E46C500C7F35E /* Models */,
				D1E5BAE31C5E46CE00C7F35E /* ViewControllers */,
				D1E5BAE21C5E46C900C7F35E /* Views */,
				D1E5BAB61C5D004C00C7F35E /* AppDelegate.swift */,
				D1E5BAB81C5D004C00C7F35E /* ViewController.swift */,
				D1E5BABA1C5D004C00C7F35E /* Assets.xcassets */,
				D1E5BABF1C5D004C00C7F35E /* Info.plist */,
			);
			path = CocoaSwiftPlayer;
			sourceTree = "<group>";
		};
		D1E5BAC71C5D004C00C7F35E /* CocoaSwiftPlayerTests */ = {
			isa = PBXGroup;
			children = (
				D1E5BAC81C5D004C00C7F35E /* CocoaSwiftPlayerTests.swift */,
				D1E5BACA1C5D004C00C7F35E /* Info.plist */,
			);
			path = CocoaSwiftPlayerTests;
			sourceTree = "<group>";
		};
		D1E5BAD21C5D004C00C7F35E /* CocoaSwiftPlayerUITests */ = {
			isa = PBXGroup;
			children = (
				D1E5BAD31C5D004C00C7F35E /* CocoaSwiftPlayerUITests.swift */,
				D1E5BAD51C5D004C00C7F35E /* Info.plist */,
			);
			path = CocoaSwiftPlayerUITests;
			sourceTree = "<group>";
		};
		D1E5BAE11C5E46C500C7F35E /* Models */ = {
			isa = PBXGroup;
			children = (
				D1E5BAE61C5E473F00C7F35E /* Song.swift */,
				D1573F021C6F71FF00773B8E /* Playlist.swift */,
			);
			name = Models;
			sourceTree = "<group>";
		};
		D1E5BAE21C5E46C900C7F35E /* Views */ = {
			isa = PBXGroup;
			children = (
				D1E5BABC1C5D004C00C7F35E /* Main.storyboard */,
				D19D07C21C5FAFB600FEBBC2 /* Song.storyboard */,
			);
			name = Views;
			sourceTree = "<group>";
		};
		D1E5BAE31C5E46CE00C7F35E /* ViewControllers */ = {
			isa = PBXGroup;
			children = (
				D1F7830A1C74B49200E7C80A /* StatusItemViewController */,
				D1573EFA1C6DFA1800773B8E /* PlaylistViewController */,
				D1FF0A521C64DC53001BC61F /* SongListViewController */,
				D1AD36481C624A0F003881F9 /* PlayerViewController */,
			);
			name = ViewControllers;
			sourceTree = "<group>";
		};
		D1E5BAE41C5E46E700C7F35E /* Helpers */ = {
			isa = PBXGroup;
			children = (
				D1573EF81C6B7ABD00773B8E /* Constants.swift */,
				D1F783081C74B23000E7C80A /* EventMonitor.swift */,
			);
			name = Helpers;
			sourceTree = "<group>";
		};
		D1E5BAE51C5E46EB00C7F35E /* Managers */ = {
			isa = PBXGroup;
			children = (
				D1AD364B1C624C6E003881F9 /* PlayerManager.swift */,
				D1FF0A431C638A03001BC61F /* SongManager.swift */,
				D1FF0A551C64E0FD001BC61F /* RealmMigrationManager.swift */,
			);
			name = Managers;
			sourceTree = "<group>";
		};
		D1F7830A1C74B49200E7C80A /* StatusItemViewController */ = {
			isa = PBXGroup;
			children = (
				D1F7830B1C74B4BC00E7C80A /* StatusItemViewController.swift */,
			);
			name = StatusItemViewController;
			sourceTree = "<group>";
		};
		D1FF0A521C64DC53001BC61F /* SongListViewController */ = {
			isa = PBXGroup;
			children = (
				D1FF0A531C64DC6F001BC61F /* SongListViewController.swift */,
			);
			name = SongListViewController;
			sourceTree = "<group>";
		};
		FA2ADFC6F520DCCF255A8DBB /* Pods */ = {
			isa = PBXGroup;
			children = (
				5DF224AE1278AFB8E2C02CBE /* Pods-CocoaSwiftPlayer.debug.xcconfig */,
				8752F31DED0A63E6E4DBE1FF /* Pods-CocoaSwiftPlayer.release.xcconfig */,
			);
			name = Pods;
			sourceTree = "<group>";
		};
/* End PBXGroup section */

/* Begin PBXNativeTarget section */
		D1E5BAB21C5D004C00C7F35E /* CocoaSwiftPlayer */ = {
			isa = PBXNativeTarget;
			buildConfigurationList = D1E5BAD81C5D004C00C7F35E /* Build configuration list for PBXNativeTarget "CocoaSwiftPlayer" */;
			buildPhases = (
				174B3883329FFC54FB046371 /* Check Pods Manifest.lock */,
				D1E5BAAF1C5D004C00C7F35E /* Sources */,
				D1E5BAB01C5D004C00C7F35E /* Frameworks */,
				D1E5BAB11C5D004C00C7F35E /* Resources */,
				D0062E8F7D8ECA1CB0E6B813 /* Embed Pods Frameworks */,
				3B514FFD64257BF5B86932CD /* Copy Pods Resources */,
			);
			buildRules = (
			);
			dependencies = (
			);
			name = CocoaSwiftPlayer;
			productName = CocoaSwiftPlayer;
			productReference = D1E5BAB31C5D004C00C7F35E /* CocoaSwiftPlayer.app */;
			productType = "com.apple.product-type.application";
		};
		D1E5BAC31C5D004C00C7F35E /* CocoaSwiftPlayerTests */ = {
			isa = PBXNativeTarget;
			buildConfigurationList = D1E5BADB1C5D004C00C7F35E /* Build configuration list for PBXNativeTarget "CocoaSwiftPlayerTests" */;
			buildPhases = (
				D1E5BAC01C5D004C00C7F35E /* Sources */,
				D1E5BAC11C5D004C00C7F35E /* Frameworks */,
				D1E5BAC21C5D004C00C7F35E /* Resources */,
			);
			buildRules = (
			);
			dependencies = (
				D1E5BAC61C5D004C00C7F35E /* PBXTargetDependency */,
			);
			name = CocoaSwiftPlayerTests;
			productName = CocoaSwiftPlayerTests;
			productReference = D1E5BAC41C5D004C00C7F35E /* CocoaSwiftPlayerTests.xctest */;
			productType = "com.apple.product-type.bundle.unit-test";
		};
		D1E5BACE1C5D004C00C7F35E /* CocoaSwiftPlayerUITests */ = {
			isa = PBXNativeTarget;
			buildConfigurationList = D1E5BADE1C5D004C00C7F35E /* Build configuration list for PBXNativeTarget "CocoaSwiftPlayerUITests" */;
			buildPhases = (
				D1E5BACB1C5D004C00C7F35E /* Sources */,
				D1E5BACC1C5D004C00C7F35E /* Frameworks */,
				D1E5BACD1C5D004C00C7F35E /* Resources */,
			);
			buildRules = (
			);
			dependencies = (
				D1E5BAD11C5D004C00C7F35E /* PBXTargetDependency */,
			);
			name = CocoaSwiftPlayerUITests;
			productName = CocoaSwiftPlayerUITests;
			productReference = D1E5BACF1C5D004C00C7F35E /* CocoaSwiftPlayerUITests.xctest */;
			productType = "com.apple.product-type.bundle.ui-testing";
		};
/* End PBXNativeTarget section */

/* Begin PBXProject section */
		D1E5BAAB1C5D004B00C7F35E /* Project object */ = {
			isa = PBXProject;
			attributes = {
				LastSwiftUpdateCheck = 0720;
				LastUpgradeCheck = 0720;
				ORGANIZATIONNAME = "STAY REAL";
				TargetAttributes = {
					D1E5BAB21C5D004C00C7F35E = {
						CreatedOnToolsVersion = 7.2;
						DevelopmentTeam = 26P59ZGBPB;
					};
					D1E5BAC31C5D004C00C7F35E = {
						CreatedOnToolsVersion = 7.2;
						TestTargetID = D1E5BAB21C5D004C00C7F35E;
					};
					D1E5BACE1C5D004C00C7F35E = {
						CreatedOnToolsVersion = 7.2;
						TestTargetID = D1E5BAB21C5D004C00C7F35E;
					};
				};
			};
			buildConfigurationList = D1E5BAAE1C5D004B00C7F35E /* Build configuration list for PBXProject "CocoaSwiftPlayer" */;
			compatibilityVersion = "Xcode 3.2";
			developmentRegion = English;
			hasScannedForEncodings = 0;
			knownRegions = (
				en,
				Base,
			);
			mainGroup = D1E5BAAA1C5D004B00C7F35E;
			productRefGroup = D1E5BAB41C5D004C00C7F35E /* Products */;
			projectDirPath = "";
			projectRoot = "";
			targets = (
				D1E5BAB21C5D004C00C7F35E /* CocoaSwiftPlayer */,
				D1E5BAC31C5D004C00C7F35E /* CocoaSwiftPlayerTests */,
				D1E5BACE1C5D004C00C7F35E /* CocoaSwiftPlayerUITests */,
			);
		};
/* End PBXProject section */

/* Begin PBXResourcesBuildPhase section */
		D1E5BAB11C5D004C00C7F35E /* Resources */ = {
			isa = PBXResourcesBuildPhase;
			buildActionMask = 2147483647;
			files = (
				D19D07C41C5FAFB700FEBBC2 /* Song.storyboard in Resources */,
				D1E5BABB1C5D004C00C7F35E /* Assets.xcassets in Resources */,
				D1E5BABE1C5D004C00C7F35E /* Main.storyboard in Resources */,
			);
			runOnlyForDeploymentPostprocessing = 0;
		};
		D1E5BAC21C5D004C00C7F35E /* Resources */ = {
			isa = PBXResourcesBuildPhase;
			buildActionMask = 2147483647;
			files = (
			);
			runOnlyForDeploymentPostprocessing = 0;
		};
		D1E5BACD1C5D004C00C7F35E /* Resources */ = {
			isa = PBXResourcesBuildPhase;
			buildActionMask = 2147483647;
			files = (
			);
			runOnlyForDeploymentPostprocessing = 0;
		};
/* End PBXResourcesBuildPhase section */

/* Begin PBXShellScriptBuildPhase section */
		174B3883329FFC54FB046371 /* Check Pods Manifest.lock */ = {
			isa = PBXShellScriptBuildPhase;
			buildActionMask = 2147483647;
			files = (
			);
			inputPaths = (
			);
			name = "Check Pods Manifest.lock";
			outputPaths = (
			);
			runOnlyForDeploymentPostprocessing = 0;
			shellPath = /bin/sh;
			shellScript = "diff \"${PODS_ROOT}/../Podfile.lock\" \"${PODS_ROOT}/Manifest.lock\" > /dev/null\nif [[ $? != 0 ]] ; then\n    cat << EOM\nerror: The sandbox is not in sync with the Podfile.lock. Run 'pod install' or update your CocoaPods installation.\nEOM\n    exit 1\nfi\n";
			showEnvVarsInLog = 0;
		};
		3B514FFD64257BF5B86932CD /* Copy Pods Resources */ = {
			isa = PBXShellScriptBuildPhase;
			buildActionMask = 2147483647;
			files = (
			);
			inputPaths = (
			);
			name = "Copy Pods Resources";
			outputPaths = (
			);
			runOnlyForDeploymentPostprocessing = 0;
			shellPath = /bin/sh;
			shellScript = "\"${SRCROOT}/Pods/Target Support Files/Pods-CocoaSwiftPlayer/Pods-CocoaSwiftPlayer-resources.sh\"\n";
			showEnvVarsInLog = 0;
		};
		D0062E8F7D8ECA1CB0E6B813 /* Embed Pods Frameworks */ = {
			isa = PBXShellScriptBuildPhase;
			buildActionMask = 2147483647;
			files = (
			);
			inputPaths = (
			);
			name = "Embed Pods Frameworks";
			outputPaths = (
			);
			runOnlyForDeploymentPostprocessing = 0;
			shellPath = /bin/sh;
			shellScript = "\"${SRCROOT}/Pods/Target Support Files/Pods-CocoaSwiftPlayer/Pods-CocoaSwiftPlayer-frameworks.sh\"\n";
			showEnvVarsInLog = 0;
		};
/* End PBXShellScriptBuildPhase section */

/* Begin PBXSourcesBuildPhase section */
		D1E5BAAF1C5D004C00C7F35E /* Sources */ = {
			isa = PBXSourcesBuildPhase;
			buildActionMask = 2147483647;
			files = (
				D1F782FD1C721A4B00E7C80A /* CustomTableCellView.swift in Sources */,
				D1FF0A541C64DC6F001BC61F /* SongListViewController.swift in Sources */,
				D1573F031C6F71FF00773B8E /* Playlist.swift in Sources */,
				D1573EF91C6B7ABD00773B8E /* Constants.swift in Sources */,
				D1573EF51C6A1FDA00773B8E /* CollectionType+Extensions.swift in Sources */,
				D1FF0A441C638A03001BC61F /* SongManager.swift in Sources */,
				D1F783091C74B23000E7C80A /* EventMonitor.swift in Sources */,
				D1573EF31C6A1F2200773B8E /* MutableCollectionType+Extensions.swift in Sources */,
				D1AD364C1C624C6E003881F9 /* PlayerManager.swift in Sources */,
				D1E5BAE71C5E473F00C7F35E /* Song.swift in Sources */,
				D1FF0A561C64E0FD001BC61F /* RealmMigrationManager.swift in Sources */,
				D1F7830C1C74B4BC00E7C80A /* StatusItemViewController.swift in Sources */,
				D1573EFC1C6DFA3500773B8E /* PlaylistViewController.swift in Sources */,
				D1AD364A1C624A3D003881F9 /* PlayerViewController.swift in Sources */,
				D1E5BAB91C5D004C00C7F35E /* ViewController.swift in Sources */,
				D1E5BAB71C5D004C00C7F35E /* AppDelegate.swift in Sources */,
			);
			runOnlyForDeploymentPostprocessing = 0;
		};
		D1E5BAC01C5D004C00C7F35E /* Sources */ = {
			isa = PBXSourcesBuildPhase;
			buildActionMask = 2147483647;
			files = (
				D1E5BAC91C5D004C00C7F35E /* CocoaSwiftPlayerTests.swift in Sources */,
			);
			runOnlyForDeploymentPostprocessing = 0;
		};
		D1E5BACB1C5D004C00C7F35E /* Sources */ = {
			isa = PBXSourcesBuildPhase;
			buildActionMask = 2147483647;
			files = (
				D1E5BAD41C5D004C00C7F35E /* CocoaSwiftPlayerUITests.swift in Sources */,
			);
			runOnlyForDeploymentPostprocessing = 0;
		};
/* End PBXSourcesBuildPhase section */

/* Begin PBXTargetDependency section */
		D1E5BAC61C5D004C00C7F35E /* PBXTargetDependency */ = {
			isa = PBXTargetDependency;
			target = D1E5BAB21C5D004C00C7F35E /* CocoaSwiftPlayer */;
			targetProxy = D1E5BAC51C5D004C00C7F35E /* PBXContainerItemProxy */;
		};
		D1E5BAD11C5D004C00C7F35E /* PBXTargetDependency */ = {
			isa = PBXTargetDependency;
			target = D1E5BAB21C5D004C00C7F35E /* CocoaSwiftPlayer */;
			targetProxy = D1E5BAD01C5D004C00C7F35E /* PBXContainerItemProxy */;
		};
/* End PBXTargetDependency section */

/* Begin PBXVariantGroup section */
		D19D07C21C5FAFB600FEBBC2 /* Song.storyboard */ = {
			isa = PBXVariantGroup;
			children = (
				D19D07C31C5FAFB600FEBBC2 /* Base */,
			);
			name = Song.storyboard;
			sourceTree = "<group>";
		};
		D1E5BABC1C5D004C00C7F35E /* Main.storyboard */ = {
			isa = PBXVariantGroup;
			children = (
				D1E5BABD1C5D004C00C7F35E /* Base */,
			);
			name = Main.storyboard;
			sourceTree = "<group>";
		};
/* End PBXVariantGroup section */

/* Begin XCBuildConfiguration section */
		D1E5BAD61C5D004C00C7F35E /* Debug */ = {
			isa = XCBuildConfiguration;
			buildSettings = {
				ALWAYS_SEARCH_USER_PATHS = NO;
				CLANG_CXX_LANGUAGE_STANDARD = "gnu++0x";
				CLANG_CXX_LIBRARY = "libc++";
				CLANG_ENABLE_MODULES = YES;
				CLANG_ENABLE_OBJC_ARC = YES;
				CLANG_WARN_BOOL_CONVERSION = YES;
				CLANG_WARN_CONSTANT_CONVERSION = YES;
				CLANG_WARN_DIRECT_OBJC_ISA_USAGE = YES_ERROR;
				CLANG_WARN_EMPTY_BODY = YES;
				CLANG_WARN_ENUM_CONVERSION = YES;
				CLANG_WARN_INT_CONVERSION = YES;
				CLANG_WARN_OBJC_ROOT_CLASS = YES_ERROR;
				CLANG_WARN_UNREACHABLE_CODE = YES;
				CLANG_WARN__DUPLICATE_METHOD_MATCH = YES;
				CODE_SIGN_IDENTITY = "-";
				COPY_PHASE_STRIP = NO;
				DEBUG_INFORMATION_FORMAT = dwarf;
				ENABLE_STRICT_OBJC_MSGSEND = YES;
				ENABLE_TESTABILITY = YES;
				GCC_C_LANGUAGE_STANDARD = gnu99;
				GCC_DYNAMIC_NO_PIC = NO;
				GCC_NO_COMMON_BLOCKS = YES;
				GCC_OPTIMIZATION_LEVEL = 0;
				GCC_PREPROCESSOR_DEFINITIONS = (
					"DEBUG=1",
					"$(inherited)",
				);
				GCC_WARN_64_TO_32_BIT_CONVERSION = YES;
				GCC_WARN_ABOUT_RETURN_TYPE = YES_ERROR;
				GCC_WARN_UNDECLARED_SELECTOR = YES;
				GCC_WARN_UNINITIALIZED_AUTOS = YES_AGGRESSIVE;
				GCC_WARN_UNUSED_FUNCTION = YES;
				GCC_WARN_UNUSED_VARIABLE = YES;
				MACOSX_DEPLOYMENT_TARGET = 10.11;
				MTL_ENABLE_DEBUG_INFO = YES;
				ONLY_ACTIVE_ARCH = YES;
				SDKROOT = macosx;
				SWIFT_OPTIMIZATION_LEVEL = "-Onone";
			};
			name = Debug;
		};
		D1E5BAD71C5D004C00C7F35E /* Release */ = {
			isa = XCBuildConfiguration;
			buildSettings = {
				ALWAYS_SEARCH_USER_PATHS = NO;
				CLANG_CXX_LANGUAGE_STANDARD = "gnu++0x";
				CLANG_CXX_LIBRARY = "libc++";
				CLANG_ENABLE_MODULES = YES;
				CLANG_ENABLE_OBJC_ARC = YES;
				CLANG_WARN_BOOL_CONVERSION = YES;
				CLANG_WARN_CONSTANT_CONVERSION = YES;
				CLANG_WARN_DIRECT_OBJC_ISA_USAGE = YES_ERROR;
				CLANG_WARN_EMPTY_BODY = YES;
				CLANG_WARN_ENUM_CONVERSION = YES;
				CLANG_WARN_INT_CONVERSION = YES;
				CLANG_WARN_OBJC_ROOT_CLASS = YES_ERROR;
				CLANG_WARN_UNREACHABLE_CODE = YES;
				CLANG_WARN__DUPLICATE_METHOD_MATCH = YES;
				CODE_SIGN_IDENTITY = "-";
				COPY_PHASE_STRIP = NO;
				DEBUG_INFORMATION_FORMAT = "dwarf-with-dsym";
				ENABLE_NS_ASSERTIONS = NO;
				ENABLE_STRICT_OBJC_MSGSEND = YES;
				GCC_C_LANGUAGE_STANDARD = gnu99;
				GCC_NO_COMMON_BLOCKS = YES;
				GCC_WARN_64_TO_32_BIT_CONVERSION = YES;
				GCC_WARN_ABOUT_RETURN_TYPE = YES_ERROR;
				GCC_WARN_UNDECLARED_SELECTOR = YES;
				GCC_WARN_UNINITIALIZED_AUTOS = YES_AGGRESSIVE;
				GCC_WARN_UNUSED_FUNCTION = YES;
				GCC_WARN_UNUSED_VARIABLE = YES;
				MACOSX_DEPLOYMENT_TARGET = 10.11;
				MTL_ENABLE_DEBUG_INFO = NO;
				SDKROOT = macosx;
			};
			name = Release;
		};
		D1E5BAD91C5D004C00C7F35E /* Debug */ = {
			isa = XCBuildConfiguration;
			baseConfigurationReference = 5DF224AE1278AFB8E2C02CBE /* Pods-CocoaSwiftPlayer.debug.xcconfig */;
			buildSettings = {
				ALWAYS_SEARCH_USER_PATHS = YES;
				ASSETCATALOG_COMPILER_APPICON_NAME = AppIcon;
				CODE_SIGN_IDENTITY = "Mac Developer";
				COMBINE_HIDPI_IMAGES = YES;
				FRAMEWORK_SEARCH_PATHS = "$(LOCAL_LIBRARY_DIR)/Frameworks";
				HEADER_SEARCH_PATHS = "";
				INFOPLIST_FILE = CocoaSwiftPlayer/Info.plist;
				LD_RUNPATH_SEARCH_PATHS = "$(inherited) @executable_path/../Frameworks";
				PRODUCT_BUNDLE_IDENTIFIER = com.stayrealhk.CocoaSwiftPlayer;
				PRODUCT_NAME = "$(TARGET_NAME)";
			};
			name = Debug;
		};
		D1E5BADA1C5D004C00C7F35E /* Release */ = {
			isa = XCBuildConfiguration;
			baseConfigurationReference = 8752F31DED0A63E6E4DBE1FF /* Pods-CocoaSwiftPlayer.release.xcconfig */;
			buildSettings = {
				ALWAYS_SEARCH_USER_PATHS = YES;
				ASSETCATALOG_COMPILER_APPICON_NAME = AppIcon;
				CODE_SIGN_IDENTITY = "Mac Developer";
				COMBINE_HIDPI_IMAGES = YES;
				FRAMEWORK_SEARCH_PATHS = "$(LOCAL_LIBRARY_DIR)/Frameworks";
				HEADER_SEARCH_PATHS = "";
				INFOPLIST_FILE = CocoaSwiftPlayer/Info.plist;
				LD_RUNPATH_SEARCH_PATHS = "$(inherited) @executable_path/../Frameworks";
				PRODUCT_BUNDLE_IDENTIFIER = com.stayrealhk.CocoaSwiftPlayer;
				PRODUCT_NAME = "$(TARGET_NAME)";
			};
			name = Release;
		};
		D1E5BADC1C5D004C00C7F35E /* Debug */ = {
			isa = XCBuildConfiguration;
			buildSettings = {
				BUNDLE_LOADER = "$(TEST_HOST)";
				COMBINE_HIDPI_IMAGES = YES;
				INFOPLIST_FILE = CocoaSwiftPlayerTests/Info.plist;
				LD_RUNPATH_SEARCH_PATHS = "$(inherited) @executable_path/../Frameworks @loader_path/../Frameworks";
				PRODUCT_BUNDLE_IDENTIFIER = com.stayrealhk.CocoaSwiftPlayerTests;
				PRODUCT_NAME = "$(TARGET_NAME)";
				TEST_HOST = "$(BUILT_PRODUCTS_DIR)/CocoaSwiftPlayer.app/Contents/MacOS/CocoaSwiftPlayer";
			};
			name = Debug;
		};
		D1E5BADD1C5D004C00C7F35E /* Release */ = {
			isa = XCBuildConfiguration;
			buildSettings = {
				BUNDLE_LOADER = "$(TEST_HOST)";
				COMBINE_HIDPI_IMAGES = YES;
				INFOPLIST_FILE = CocoaSwiftPlayerTests/Info.plist;
				LD_RUNPATH_SEARCH_PATHS = "$(inherited) @executable_path/../Frameworks @loader_path/../Frameworks";
				PRODUCT_BUNDLE_IDENTIFIER = com.stayrealhk.CocoaSwiftPlayerTests;
				PRODUCT_NAME = "$(TARGET_NAME)";
				TEST_HOST = "$(BUILT_PRODUCTS_DIR)/CocoaSwiftPlayer.app/Contents/MacOS/CocoaSwiftPlayer";
			};
			name = Release;
		};
		D1E5BADF1C5D004C00C7F35E /* Debug */ = {
			isa = XCBuildConfiguration;
			buildSettings = {
				COMBINE_HIDPI_IMAGES = YES;
				INFOPLIST_FILE = CocoaSwiftPlayerUITests/Info.plist;
				LD_RUNPATH_SEARCH_PATHS = "$(inherited) @executable_path/../Frameworks @loader_path/../Frameworks";
				PRODUCT_BUNDLE_IDENTIFIER = com.stayrealhk.CocoaSwiftPlayerUITests;
				PRODUCT_NAME = "$(TARGET_NAME)";
				TEST_TARGET_NAME = CocoaSwiftPlayer;
				USES_XCTRUNNER = YES;
			};
			name = Debug;
		};
		D1E5BAE01C5D004C00C7F35E /* Release */ = {
			isa = XCBuildConfiguration;
			buildSettings = {
				COMBINE_HIDPI_IMAGES = YES;
				INFOPLIST_FILE = CocoaSwiftPlayerUITests/Info.plist;
				LD_RUNPATH_SEARCH_PATHS = "$(inherited) @executable_path/../Frameworks @loader_path/../Frameworks";
				PRODUCT_BUNDLE_IDENTIFIER = com.stayrealhk.CocoaSwiftPlayerUITests;
				PRODUCT_NAME = "$(TARGET_NAME)";
				TEST_TARGET_NAME = CocoaSwiftPlayer;
				USES_XCTRUNNER = YES;
			};
			name = Release;
		};
/* End XCBuildConfiguration section */

/* Begin XCConfigurationList section */
		D1E5BAAE1C5D004B00C7F35E /* Build configuration list for PBXProject "CocoaSwiftPlayer" */ = {
			isa = XCConfigurationList;
			buildConfigurations = (
				D1E5BAD61C5D004C00C7F35E /* Debug */,
				D1E5BAD71C5D004C00C7F35E /* Release */,
			);
			defaultConfigurationIsVisible = 0;
			defaultConfigurationName = Release;
		};
		D1E5BAD81C5D004C00C7F35E /* Build configuration list for PBXNativeTarget "CocoaSwiftPlayer" */ = {
			isa = XCConfigurationList;
			buildConfigurations = (
				D1E5BAD91C5D004C00C7F35E /* Debug */,
				D1E5BADA1C5D004C00C7F35E /* Release */,
			);
			defaultConfigurationIsVisible = 0;
			defaultConfigurationName = Release;
		};
		D1E5BADB1C5D004C00C7F35E /* Build configuration list for PBXNativeTarget "CocoaSwiftPlayerTests" */ = {
			isa = XCConfigurationList;
			buildConfigurations = (
				D1E5BADC1C5D004C00C7F35E /* Debug */,
				D1E5BADD1C5D004C00C7F35E /* Release */,
			);
			defaultConfigurationIsVisible = 0;
			defaultConfigurationName = Release;
		};
		D1E5BADE1C5D004C00C7F35E /* Build configuration list for PBXNativeTarget "CocoaSwiftPlayerUITests" */ = {
			isa = XCConfigurationList;
			buildConfigurations = (
				D1E5BADF1C5D004C00C7F35E /* Debug */,
				D1E5BAE01C5D004C00C7F35E /* Release */,
			);
			defaultConfigurationIsVisible = 0;
			defaultConfigurationName = Release;
		};
/* End XCConfigurationList section */
	};
	rootObject = D1E5BAAB1C5D004B00C7F35E /* Project object */;
}
